
Microsoft Visual Studio Solution File, Format Version 12.00
Project("{FAE04EC0-301F-11D3-BF4B-00C04F79EFBC}") = "Server", "Server\Server.csproj", "{E304B7FD-905E-4AD2-99CE-48D17A4D8DC9}"
EndProject
Project("{FAE04EC0-301F-11D3-BF4B-00C04F79EFBC}") = "Client", "Client\Client.csproj", "{E3CD20ED-62B2-4DE9-A193-14E1F199DD6F}"
EndProject
Global
	GlobalSection(SolutionConfigurationPlatforms) = preSolution
		Debug|Any CPU = Debug|Any CPU
		Release|Any CPU = Release|Any CPU
	EndGlobalSection
	GlobalSection(ProjectConfigurationPlatforms) = postSolution
		{E304B7FD-905E-4AD2-99CE-48D17A4D8DC9}.Debug|Any CPU.ActiveCfg = Debug|Any CPU
		{E304B7FD-905E-4AD2-99CE-48D17A4D8DC9}.Debug|Any CPU.Build.0 = Debug|Any CPU
		{E304B7FD-905E-4AD2-99CE-48D17A4D8DC9}.Release|Any CPU.ActiveCfg = Release|Any CPU
		{E304B7FD-905E-4AD2-99CE-48D17A4D8DC9}.Release|Any CPU.Build.0 = Release|Any CPU
		{E3CD20ED-62B2-4DE9-A193-14E1F199DD6F}.Debug|Any CPU.ActiveCfg = Debug|Any CPU
		{E3CD20ED-62B2-4DE9-A193-14E1F199DD6F}.Debug|Any CPU.Build.0 = Debug|Any CPU
		{E3CD20ED-62B2-4DE9-A193-14E1F199DD6F}.Release|Any CPU.ActiveCfg = Release|Any CPU
		{E3CD20ED-62B2-4DE9-A193-14E1F199DD6F}.Release|Any CPU.Build.0 = Release|Any CPU
	EndGlobalSection
EndGlobal
